
Microsoft Visual Studio Solution File, Format Version 12.00
# Visual Studio Version 16
VisualStudioVersion = 16.0.30907.101
MinimumVisualStudioVersion = 10.0.40219.1
Project("{FAE04EC0-301F-11D3-BF4B-00C04F79EFBC}") = "W3shchool2", "W3shchool2\W3shchool2.csproj", "{A7FC720D-65A4-4FA3-98C0-BAD09DB015EE}"
EndProject
Global
	GlobalSection(SolutionConfigurationPlatforms) = preSolution
		Debug|Any CPU = Debug|Any CPU
		Release|Any CPU = Release|Any CPU
	EndGlobalSection
	GlobalSection(ProjectConfigurationPlatforms) = postSolution
		{A7FC720D-65A4-4FA3-98C0-BAD09DB015EE}.Debug|Any CPU.ActiveCfg = Debug|Any CPU
		{A7FC720D-65A4-4FA3-98C0-BAD09DB015EE}.Debug|Any CPU.Build.0 = Debug|Any CPU
		{A7FC720D-65A4-4FA3-98C0-BAD09DB015EE}.Release|Any CPU.ActiveCfg = Release|Any CPU
		{A7FC720D-65A4-4FA3-98C0-BAD09DB015EE}.Release|Any CPU.Build.0 = Release|Any CPU
	EndGlobalSection
	GlobalSection(SolutionProperties) = preSolution
		HideSolutionNode = FALSE
	EndGlobalSection
	GlobalSection(ExtensibilityGlobals) = postSolution
		SolutionGuid = {4F43F94C-0110-428D-95E1-01F2B5C9B507}
	EndGlobalSection
EndGlobal
